
Microsoft Visual Studio Solution File, Format Version 12.00
# Visual Studio 15
VisualStudioVersion = 15.0.26430.16
MinimumVisualStudioVersion = 10.0.40219.1
Project("{FAE04EC0-301F-11D3-BF4B-00C04F79EFBC}") = "вызов", "вызов\вызов.csproj", "{410AD7CF-4C64-4F44-98E2-D25C577BF97F}"
EndProject
Project("{FAE04EC0-301F-11D3-BF4B-00C04F79EFBC}") = "TreeCadN", "WpfApplication1\TreeCadN.csproj", "{ACB234D9-C181-4E6C-80AF-A774655DE338}"
EndProject
Project("{FAE04EC0-301F-11D3-BF4B-00C04F79EFBC}") = "Basis_project", "Basis_project\Basis_project.csproj", "{9287BAAE-4F65-4824-9F51-D5A5D7C398CD}"
EndProject
Project("{2150E333-8FDC-42A3-9474-1A3956D46DE8}") = ".nuget", ".nuget", "{3CF60169-604D-40CB-9CB7-1ABC0A83C97A}"
	ProjectSection(SolutionItems) = preProject
		.nuget\NuGet.Config = .nuget\NuGet.Config
		.nuget\NuGet.exe = .nuget\NuGet.exe
		.nuget\NuGet.targets = .nuget\NuGet.targets
	EndProjectSection
EndProject
Project("{FAE04EC0-301F-11D3-BF4B-00C04F79EFBC}") = "Obnov_dll_N", "Obnov_dll_N\Obnov_dll_N.csproj", "{C71A7822-CE99-47DC-BCC2-F0E9FC601EA7}"
EndProject
Global
	GlobalSection(SolutionConfigurationPlatforms) = preSolution
		Debug|Any CPU = Debug|Any CPU
		Debug|ARM = Debug|ARM
		Debug|x64 = Debug|x64
		Debug|x86 = Debug|x86
		Release|Any CPU = Release|Any CPU
		Release|ARM = Release|ARM
		Release|x64 = Release|x64
		Release|x86 = Release|x86
	EndGlobalSection
	GlobalSection(ProjectConfigurationPlatforms) = postSolution
		{410AD7CF-4C64-4F44-98E2-D25C577BF97F}.Debug|Any CPU.ActiveCfg = Debug|Any CPU
		{410AD7CF-4C64-4F44-98E2-D25C577BF97F}.Debug|Any CPU.Build.0 = Debug|Any CPU
		{410AD7CF-4C64-4F44-98E2-D25C577BF97F}.Debug|ARM.ActiveCfg = Debug|Any CPU
		{410AD7CF-4C64-4F44-98E2-D25C577BF97F}.Debug|ARM.Build.0 = Debug|Any CPU
		{410AD7CF-4C64-4F44-98E2-D25C577BF97F}.Debug|x64.ActiveCfg = Debug|Any CPU
		{410AD7CF-4C64-4F44-98E2-D25C577BF97F}.Debug|x64.Build.0 = Debug|Any CPU
		{410AD7CF-4C64-4F44-98E2-D25C577BF97F}.Debug|x86.ActiveCfg = Debug|Any CPU
		{410AD7CF-4C64-4F44-98E2-D25C577BF97F}.Debug|x86.Build.0 = Debug|Any CPU
		{410AD7CF-4C64-4F44-98E2-D25C577BF97F}.Release|Any CPU.ActiveCfg = Release|Any CPU
		{410AD7CF-4C64-4F44-98E2-D25C577BF97F}.Release|Any CPU.Build.0 = Release|Any CPU
		{410AD7CF-4C64-4F44-98E2-D25C577BF97F}.Release|ARM.ActiveCfg = Release|Any CPU
		{410AD7CF-4C64-4F44-98E2-D25C577BF97F}.Release|ARM.Build.0 = Release|Any CPU
		{410AD7CF-4C64-4F44-98E2-D25C577BF97F}.Release|x64.ActiveCfg = Release|Any CPU
		{410AD7CF-4C64-4F44-98E2-D25C577BF97F}.Release|x64.Build.0 = Release|Any CPU
		{410AD7CF-4C64-4F44-98E2-D25C577BF97F}.Release|x86.ActiveCfg = Release|Any CPU
		{410AD7CF-4C64-4F44-98E2-D25C577BF97F}.Release|x86.Build.0 = Release|Any CPU
		{ACB234D9-C181-4E6C-80AF-A774655DE338}.Debug|Any CPU.ActiveCfg = Debug|Any CPU
		{ACB234D9-C181-4E6C-80AF-A774655DE338}.Debug|Any CPU.Build.0 = Debug|Any CPU
		{ACB234D9-C181-4E6C-80AF-A774655DE338}.Debug|ARM.ActiveCfg = Debug|Any CPU
		{ACB234D9-C181-4E6C-80AF-A774655DE338}.Debug|ARM.Build.0 = Debug|Any CPU
		{ACB234D9-C181-4E6C-80AF-A774655DE338}.Debug|x64.ActiveCfg = Debug|Any CPU
		{ACB234D9-C181-4E6C-80AF-A774655DE338}.Debug|x64.Build.0 = Debug|Any CPU
		{ACB234D9-C181-4E6C-80AF-A774655DE338}.Debug|x86.ActiveCfg = Debug|Any CPU
		{ACB234D9-C181-4E6C-80AF-A774655DE338}.Debug|x86.Build.0 = Debug|Any CPU
		{ACB234D9-C181-4E6C-80AF-A774655DE338}.Release|Any CPU.ActiveCfg = Release|Any CPU
		{ACB234D9-C181-4E6C-80AF-A774655DE338}.Release|Any CPU.Build.0 = Release|Any CPU
		{ACB234D9-C181-4E6C-80AF-A774655DE338}.Release|ARM.ActiveCfg = Release|Any CPU
		{ACB234D9-C181-4E6C-80AF-A774655DE338}.Release|ARM.Build.0 = Release|Any CPU
		{ACB234D9-C181-4E6C-80AF-A774655DE338}.Release|x64.ActiveCfg = Release|Any CPU
		{ACB234D9-C181-4E6C-80AF-A774655DE338}.Release|x64.Build.0 = Release|Any CPU
		{ACB234D9-C181-4E6C-80AF-A774655DE338}.Release|x86.ActiveCfg = Release|Any CPU
		{ACB234D9-C181-4E6C-80AF-A774655DE338}.Release|x86.Build.0 = Release|Any CPU
		{9287BAAE-4F65-4824-9F51-D5A5D7C398CD}.Debug|Any CPU.ActiveCfg = Debug|Any CPU
		{9287BAAE-4F65-4824-9F51-D5A5D7C398CD}.Debug|Any CPU.Build.0 = Debug|Any CPU
		{9287BAAE-4F65-4824-9F51-D5A5D7C398CD}.Debug|ARM.ActiveCfg = Debug|Any CPU
		{9287BAAE-4F65-4824-9F51-D5A5D7C398CD}.Debug|ARM.Build.0 = Debug|Any CPU
		{9287BAAE-4F65-4824-9F51-D5A5D7C398CD}.Debug|x64.ActiveCfg = Debug|Any CPU
		{9287BAAE-4F65-4824-9F51-D5A5D7C398CD}.Debug|x64.Build.0 = Debug|Any CPU
		{9287BAAE-4F65-4824-9F51-D5A5D7C398CD}.Debug|x86.ActiveCfg = Debug|Any CPU
		{9287BAAE-4F65-4824-9F51-D5A5D7C398CD}.Debug|x86.Build.0 = Debug|Any CPU
		{9287BAAE-4F65-4824-9F51-D5A5D7C398CD}.Release|Any CPU.ActiveCfg = Release|Any CPU
		{9287BAAE-4F65-4824-9F51-D5A5D7C398CD}.Release|Any CPU.Build.0 = Release|Any CPU
		{9287BAAE-4F65-4824-9F51-D5A5D7C398CD}.Release|ARM.ActiveCfg = Release|Any CPU
		{9287BAAE-4F65-4824-9F51-D5A5D7C398CD}.Release|ARM.Build.0 = Release|Any CPU
		{9287BAAE-4F65-4824-9F51-D5A5D7C398CD}.Release|x64.ActiveCfg = Release|Any CPU
		{9287BAAE-4F65-4824-9F51-D5A5D7C398CD}.Release|x64.Build.0 = Release|Any CPU
		{9287BAAE-4F65-4824-9F51-D5A5D7C398CD}.Release|x86.ActiveCfg = Release|Any CPU
		{9287BAAE-4F65-4824-9F51-D5A5D7C398CD}.Release|x86.Build.0 = Release|Any CPU
		{C71A7822-CE99-47DC-BCC2-F0E9FC601EA7}.Debug|Any CPU.ActiveCfg = Debug|Any CPU
		{C71A7822-CE99-47DC-BCC2-F0E9FC601EA7}.Debug|Any CPU.Build.0 = Debug|Any CPU
		{C71A7822-CE99-47DC-BCC2-F0E9FC601EA7}.Debug|ARM.ActiveCfg = Debug|Any CPU
		{C71A7822-CE99-47DC-BCC2-F0E9FC601EA7}.Debug|ARM.Build.0 = Debug|Any CPU
		{C71A7822-CE99-47DC-BCC2-F0E9FC601EA7}.Debug|x64.ActiveCfg = Debug|Any CPU
		{C71A7822-CE99-47DC-BCC2-F0E9FC601EA7}.Debug|x64.Build.0 = Debug|Any CPU
		{C71A7822-CE99-47DC-BCC2-F0E9FC601EA7}.Debug|x86.ActiveCfg = Debug|Any CPU
		{C71A7822-CE99-47DC-BCC2-F0E9FC601EA7}.Debug|x86.Build.0 = Debug|Any CPU
		{C71A7822-CE99-47DC-BCC2-F0E9FC601EA7}.Release|Any CPU.ActiveCfg = Release|Any CPU
		{C71A7822-CE99-47DC-BCC2-F0E9FC601EA7}.Release|Any CPU.Build.0 = Release|Any CPU
		{C71A7822-CE99-47DC-BCC2-F0E9FC601EA7}.Release|ARM.ActiveCfg = Release|Any CPU
		{C71A7822-CE99-47DC-BCC2-F0E9FC601EA7}.Release|ARM.Build.0 = Release|Any CPU
		{C71A7822-CE99-47DC-BCC2-F0E9FC601EA7}.Release|x64.ActiveCfg = Release|Any CPU
		{C71A7822-CE99-47DC-BCC2-F0E9FC601EA7}.Release|x64.Build.0 = Release|Any CPU
		{C71A7822-CE99-47DC-BCC2-F0E9FC601EA7}.Release|x86.ActiveCfg = Release|Any CPU
		{C71A7822-CE99-47DC-BCC2-F0E9FC601EA7}.Release|x86.Build.0 = Release|Any CPU
	EndGlobalSection
	GlobalSection(SolutionProperties) = preSolution
		HideSolutionNode = FALSE
	EndGlobalSection
EndGlobal
